// !$*UTF8*$!
{
	archiveVersion = 1;
	classes = {
	};
	objectVersion = 50;
	objects = {

/* Begin PBXBuildFile section */
		135A34F72463C14F00F65AE8 /* AsyncViewController.swift in Sources */ = {isa = PBXBuildFile; fileRef = 135A34F62463C14F00F65AE8 /* AsyncViewController.swift */; };
		135A34F92463C16A00F65AE8 /* SyncViewController.swift in Sources */ = {isa = PBXBuildFile; fileRef = 135A34F82463C16A00F65AE8 /* SyncViewController.swift */; };
		135A34FB2463C21B00F65AE8 /* list.txt in Resources */ = {isa = PBXBuildFile; fileRef = 135A34FA2463C21B00F65AE8 /* list.txt */; };
		135A34FE2463D8C900F65AE8 /* PrettyViewController.swift in Sources */ = {isa = PBXBuildFile; fileRef = 135A34FD2463D8C900F65AE8 /* PrettyViewController.swift */; };
		137151A0243416930079707D /* AppDelegate.swift in Sources */ = {isa = PBXBuildFile; fileRef = 1371519F243416930079707D /* AppDelegate.swift */; };
		137151A2243416930079707D /* SceneDelegate.swift in Sources */ = {isa = PBXBuildFile; fileRef = 137151A1243416930079707D /* SceneDelegate.swift */; };
		137151A4243416930079707D /* ViewController.swift in Sources */ = {isa = PBXBuildFile; fileRef = 137151A3243416930079707D /* ViewController.swift */; };
		137151A7243416930079707D /* Main.storyboard in Resources */ = {isa = PBXBuildFile; fileRef = 137151A5243416930079707D /* Main.storyboard */; };
		137151A9243416970079707D /* Assets.xcassets in Resources */ = {isa = PBXBuildFile; fileRef = 137151A8243416970079707D /* Assets.xcassets */; };
		137151AC243416970079707D /* LaunchScreen.storyboard in Resources */ = {isa = PBXBuildFile; fileRef = 137151AA243416970079707D /* LaunchScreen.storyboard */; };
/* End PBXBuildFile section */

/* Begin PBXFileReference section */
		135A34F62463C14F00F65AE8 /* AsyncViewController.swift */ = {isa = PBXFileReference; lastKnownFileType = sourcecode.swift; path = AsyncViewController.swift; sourceTree = "<group>"; };
		135A34F82463C16A00F65AE8 /* SyncViewController.swift */ = {isa = PBXFileReference; lastKnownFileType = sourcecode.swift; path = SyncViewController.swift; sourceTree = "<group>"; };
		135A34FA2463C21B00F65AE8 /* list.txt */ = {isa = PBXFileReference; fileEncoding = 4; lastKnownFileType = text; path = list.txt; sourceTree = "<group>"; };
		135A34FD2463D8C900F65AE8 /* PrettyViewController.swift */ = {isa = PBXFileReference; lastKnownFileType = sourcecode.swift; path = PrettyViewController.swift; sourceTree = "<group>"; };
		1371519C243416930079707D /* Phase1Playground.app */ = {isa = PBXFileReference; explicitFileType = wrapper.application; includeInIndex = 0; path = Phase1Playground.app; sourceTree = BUILT_PRODUCTS_DIR; };
		1371519F243416930079707D /* AppDelegate.swift */ = {isa = PBXFileReference; lastKnownFileType = sourcecode.swift; path = AppDelegate.swift; sourceTree = "<group>"; };
		137151A1243416930079707D /* SceneDelegate.swift */ = {isa = PBXFileReference; lastKnownFileType = sourcecode.swift; path = SceneDelegate.swift; sourceTree = "<group>"; };
		137151A3243416930079707D /* ViewController.swift */ = {isa = PBXFileReference; lastKnownFileType = sourcecode.swift; path = ViewController.swift; sourceTree = "<group>"; };
		137151A6243416930079707D /* Base */ = {isa = PBXFileReference; lastKnownFileType = file.storyboard; name = Base; path = Base.lproj/Main.storyboard; sourceTree = "<group>"; };
		137151A8243416970079707D /* Assets.xcassets */ = {isa = PBXFileReference; lastKnownFileType = folder.assetcatalog; path = Assets.xcassets; sourceTree = "<group>"; };
		137151AB243416970079707D /* Base */ = {isa = PBXFileReference; lastKnownFileType = file.storyboard; name = Base; path = Base.lproj/LaunchScreen.storyboard; sourceTree = "<group>"; };
		137151AD243416970079707D /* Info.plist */ = {isa = PBXFileReference; lastKnownFileType = text.plist.xml; path = Info.plist; sourceTree = "<group>"; };
/* End PBXFileReference section */

/* Begin PBXFrameworksBuildPhase section */
		13715199243416930079707D /* Frameworks */ = {
			isa = PBXFrameworksBuildPhase;
			buildActionMask = 2147483647;
			files = (
			);
			runOnlyForDeploymentPostprocessing = 0;
		};
/* End PBXFrameworksBuildPhase section */

/* Begin PBXGroup section */
		135A34FC2463C35100F65AE8 /* Resources */ = {
			isa = PBXGroup;
			children = (
				135A34FA2463C21B00F65AE8 /* list.txt */,
			);
			path = Resources;
			sourceTree = "<group>";
		};
		13715193243416930079707D = {
			isa = PBXGroup;
			children = (
				1371519E243416930079707D /* Phase1Playground */,
				1371519D243416930079707D /* Products */,
			);
			sourceTree = "<group>";
		};
		1371519D243416930079707D /* Products */ = {
			isa = PBXGroup;
			children = (
				1371519C243416930079707D /* Phase1Playground.app */,
			);
			name = Products;
			sourceTree = "<group>";
		};
		1371519E243416930079707D /* Phase1Playground */ = {
			isa = PBXGroup;
			children = (
				1371519F243416930079707D /* AppDelegate.swift */,
				137151A1243416930079707D /* SceneDelegate.swift */,
				137151A3243416930079707D /* ViewController.swift */,
				137151A5243416930079707D /* Main.storyboard */,
				135A34FD2463D8C900F65AE8 /* PrettyViewController.swift */,
				135A34F62463C14F00F65AE8 /* AsyncViewController.swift */,
				135A34F82463C16A00F65AE8 /* SyncViewController.swift */,
				137151A8243416970079707D /* Assets.xcassets */,
				137151AA243416970079707D /* LaunchScreen.storyboard */,
				135A34FC2463C35100F65AE8 /* Resources */,
				137151AD243416970079707D /* Info.plist */,
			);
			path = Phase1Playground;
			sourceTree = "<group>";
		};
/* End PBXGroup section */

/* Begin PBXNativeTarget section */
		1371519B243416930079707D /* Phase1Playground */ = {
			isa = PBXNativeTarget;
			buildConfigurationList = 137151B0243416970079707D /* Build configuration list for PBXNativeTarget "Phase1Playground" */;
			buildPhases = (
				13715198243416930079707D /* Sources */,
				13715199243416930079707D /* Frameworks */,
				1371519A243416930079707D /* Resources */,
			);
			buildRules = (
			);
			dependencies = (
			);
			name = Phase1Playground;
			productName = Phase1Playground;
			productReference = 1371519C243416930079707D /* Phase1Playground.app */;
			productType = "com.apple.product-type.application";
		};
/* End PBXNativeTarget section */

/* Begin PBXProject section */
		13715194243416930079707D /* Project object */ = {
			isa = PBXProject;
			attributes = {
				LastSwiftUpdateCheck = 1130;
				LastUpgradeCheck = 1130;
				ORGANIZATIONNAME = "Erik Fotta";
				TargetAttributes = {
					1371519B243416930079707D = {
						CreatedOnToolsVersion = 11.3.1;
					};
				};
			};
			buildConfigurationList = 13715197243416930079707D /* Build configuration list for PBXProject "Phase1Playground" */;
			compatibilityVersion = "Xcode 9.3";
			developmentRegion = en;
			hasScannedForEncodings = 0;
			knownRegions = (
				en,
				Base,
			);
			mainGroup = 13715193243416930079707D;
			productRefGroup = 1371519D243416930079707D /* Products */;
			projectDirPath = "";
			projectRoot = "";
			targets = (
				1371519B243416930079707D /* Phase1Playground */,
			);
		};
/* End PBXProject section */

/* Begin PBXResourcesBuildPhase section */
		1371519A243416930079707D /* Resources */ = {
			isa = PBXResourcesBuildPhase;
			buildActionMask = 2147483647;
			files = (
				137151AC243416970079707D /* LaunchScreen.storyboard in Resources */,
				137151A9243416970079707D /* Assets.xcassets in Resources */,
				135A34FB2463C21B00F65AE8 /* list.txt in Resources */,
				137151A7243416930079707D /* Main.storyboard in Resources */,
			);
			runOnlyForDeploymentPostprocessing = 0;
		};
/* End PBXResourcesBuildPhase section */

/* Begin PBXSourcesBuildPhase section */
		13715198243416930079707D /* Sources */ = {
			isa = PBXSourcesBuildPhase;
			buildActionMask = 2147483647;
			files = (
				137151A4243416930079707D /* ViewController.swift in Sources */,
				135A34F72463C14F00F65AE8 /* AsyncViewController.swift in Sources */,
				135A34FE2463D8C900F65AE8 /* PrettyViewController.swift in Sources */,
				137151A0243416930079707D /* AppDelegate.swift in Sources */,
				137151A2243416930079707D /* SceneDelegate.swift in Sources */,
				135A34F92463C16A00F65AE8 /* SyncViewController.swift in Sources */,
			);
			runOnlyForDeploymentPostprocessing = 0;
		};
/* End PBXSourcesBuildPhase section */

/* Begin PBXVariantGroup section */
		137151A5243416930079707D /* Main.storyboard */ = {
			isa = PBXVariantGroup;
			children = (
				137151A6243416930079707D /* Base */,
			);
			name = Main.storyboard;
			sourceTree = "<group>";
		};
		137151AA243416970079707D /* LaunchScreen.storyboard */ = {
			isa = PBXVariantGroup;
			children = (
				137151AB243416970079707D /* Base */,
			);
			name = LaunchScreen.storyboard;
			sourceTree = "<group>";
		};
/* End PBXVariantGroup section */

/* Begin XCBuildConfiguration section */
		137151AE243416970079707D /* Debug */ = {
			isa = XCBuildConfiguration;
			buildSettings = {
				ALWAYS_SEARCH_USER_PATHS = NO;
				CLANG_ANALYZER_NONNULL = YES;
				CLANG_ANALYZER_NUMBER_OBJECT_CONVERSION = YES_AGGRESSIVE;
				CLANG_CXX_LANGUAGE_STANDARD = "gnu++14";
				CLANG_CXX_LIBRARY = "libc++";
				CLANG_ENABLE_MODULES = YES;
				CLANG_ENABLE_OBJC_ARC = YES;
				CLANG_ENABLE_OBJC_WEAK = YES;
				CLANG_WARN_BLOCK_CAPTURE_AUTORELEASING = YES;
				CLANG_WARN_BOOL_CONVERSION = YES;
				CLANG_WARN_COMMA = YES;
				CLANG_WARN_CONSTANT_CONVERSION = YES;
				CLANG_WARN_DEPRECATED_OBJC_IMPLEMENTATIONS = YES;
				CLANG_WARN_DIRECT_OBJC_ISA_USAGE = YES_ERROR;
				CLANG_WARN_DOCUMENTATION_COMMENTS = YES;
				CLANG_WARN_EMPTY_BODY = YES;
				CLANG_WARN_ENUM_CONVERSION = YES;
				CLANG_WARN_INFINITE_RECURSION = YES;
				CLANG_WARN_INT_CONVERSION = YES;
				CLANG_WARN_NON_LITERAL_NULL_CONVERSION = YES;
				CLANG_WARN_OBJC_IMPLICIT_RETAIN_SELF = YES;
				CLANG_WARN_OBJC_LITERAL_CONVERSION = YES;
				CLANG_WARN_OBJC_ROOT_CLASS = YES_ERROR;
				CLANG_WARN_RANGE_LOOP_ANALYSIS = YES;
				CLANG_WARN_STRICT_PROTOTYPES = YES;
				CLANG_WARN_SUSPICIOUS_MOVE = YES;
				CLANG_WARN_UNGUARDED_AVAILABILITY = YES_AGGRESSIVE;
				CLANG_WARN_UNREACHABLE_CODE = YES;
				CLANG_WARN__DUPLICATE_METHOD_MATCH = YES;
				COPY_PHASE_STRIP = NO;
				DEBUG_INFORMATION_FORMAT = dwarf;
				ENABLE_STRICT_OBJC_MSGSEND = YES;
				ENABLE_TESTABILITY = YES;
				GCC_C_LANGUAGE_STANDARD = gnu11;
				GCC_DYNAMIC_NO_PIC = NO;
				GCC_NO_COMMON_BLOCKS = YES;
				GCC_OPTIMIZATION_LEVEL = 0;
				GCC_PREPROCESSOR_DEFINITIONS = (
					"DEBUG=1",
					"$(inherited)",
				);
				GCC_WARN_64_TO_32_BIT_CONVERSION = YES;
				GCC_WARN_ABOUT_RETURN_TYPE = YES_ERROR;
				GCC_WARN_UNDECLARED_SELECTOR = YES;
				GCC_WARN_UNINITIALIZED_AUTOS = YES_AGGRESSIVE;
				GCC_WARN_UNUSED_FUNCTION = YES;
				GCC_WARN_UNUSED_VARIABLE = YES;
				IPHONEOS_DEPLOYMENT_TARGET = 13.2;
				MTL_ENABLE_DEBUG_INFO = INCLUDE_SOURCE;
				MTL_FAST_MATH = YES;
				ONLY_ACTIVE_ARCH = YES;
				SDKROOT = iphoneos;
				SWIFT_ACTIVE_COMPILATION_CONDITIONS = DEBUG;
				SWIFT_OPTIMIZATION_LEVEL = "-Onone";
			};
			name = Debug;
		};
		137151AF243416970079707D /* Release */ = {
			isa = XCBuildConfiguration;
			buildSettings = {
				ALWAYS_SEARCH_USER_PATHS = NO;
				CLANG_ANALYZER_NONNULL = YES;
				CLANG_ANALYZER_NUMBER_OBJECT_CONVERSION = YES_AGGRESSIVE;
				CLANG_CXX_LANGUAGE_STANDARD = "gnu++14";
				CLANG_CXX_LIBRARY = "libc++";
				CLANG_ENABLE_MODULES = YES;
				CLANG_ENABLE_OBJC_ARC = YES;
				CLANG_ENABLE_OBJC_WEAK = YES;
				CLANG_WARN_BLOCK_CAPTURE_AUTORELEASING = YES;
				CLANG_WARN_BOOL_CONVERSION = YES;
				CLANG_WARN_COMMA = YES;
				CLANG_WARN_CONSTANT_CONVERSION = YES;
				CLANG_WARN_DEPRECATED_OBJC_IMPLEMENTATIONS = YES;
				CLANG_WARN_DIRECT_OBJC_ISA_USAGE = YES_ERROR;
				CLANG_WARN_DOCUMENTATION_COMMENTS = YES;
				CLANG_WARN_EMPTY_BODY = YES;
				CLANG_WARN_ENUM_CONVERSION = YES;
				CLANG_WARN_INFINITE_RECURSION = YES;
				CLANG_WARN_INT_CONVERSION = YES;
				CLANG_WARN_NON_LITERAL_NULL_CONVERSION = YES;
				CLANG_WARN_OBJC_IMPLICIT_RETAIN_SELF = YES;
				CLANG_WARN_OBJC_LITERAL_CONVERSION = YES;
				CLANG_WARN_OBJC_ROOT_CLASS = YES_ERROR;
				CLANG_WARN_RANGE_LOOP_ANALYSIS = YES;
				CLANG_WARN_STRICT_PROTOTYPES = YES;
				CLANG_WARN_SUSPICIOUS_MOVE = YES;
				CLANG_WARN_UNGUARDED_AVAILABILITY = YES_AGGRESSIVE;
				CLANG_WARN_UNREACHABLE_CODE = YES;
				CLANG_WARN__DUPLICATE_METHOD_MATCH = YES;
				COPY_PHASE_STRIP = NO;
				DEBUG_INFORMATION_FORMAT = "dwarf-with-dsym";
				ENABLE_NS_ASSERTIONS = NO;
				ENABLE_STRICT_OBJC_MSGSEND = YES;
				GCC_C_LANGUAGE_STANDARD = gnu11;
				GCC_NO_COMMON_BLOCKS = YES;
				GCC_WARN_64_TO_32_BIT_CONVERSION = YES;
				GCC_WARN_ABOUT_RETURN_TYPE = YES_ERROR;
				GCC_WARN_UNDECLARED_SELECTOR = YES;
				GCC_WARN_UNINITIALIZED_AUTOS = YES_AGGRESSIVE;
				GCC_WARN_UNUSED_FUNCTION = YES;
				GCC_WARN_UNUSED_VARIABLE = YES;
				IPHONEOS_DEPLOYMENT_TARGET = 13.2;
				MTL_ENABLE_DEBUG_INFO = NO;
				MTL_FAST_MATH = YES;
				SDKROOT = iphoneos;
				SWIFT_COMPILATION_MODE = wholemodule;
				SWIFT_OPTIMIZATION_LEVEL = "-O";
				VALIDATE_PRODUCT = YES;
			};
			name = Release;
		};
		137151B1243416970079707D /* Debug */ = {
			isa = XCBuildConfiguration;
			buildSettings = {
				ASSETCATALOG_COMPILER_APPICON_NAME = AppIcon;
				CODE_SIGN_STYLE = Automatic;
				INFOPLIST_FILE = Phase1Playground/Info.plist;
				LD_RUNPATH_SEARCH_PATHS = (
					"$(inherited)",
					"@executable_path/Frameworks",
				);
				PRODUCT_BUNDLE_IDENTIFIER = "Erik-sCoolProjects.Phase1Playground";
				PRODUCT_NAME = "$(TARGET_NAME)";
				SWIFT_VERSION = 5.0;
				TARGETED_DEVICE_FAMILY = "1,2";
			};
			name = Debug;
		};
		137151B2243416970079707D /* Release */ = {
			isa = XCBuildConfiguration;
			buildSettings = {
				ASSETCATALOG_COMPILER_APPICON_NAME = AppIcon;
				CODE_SIGN_STYLE = Automatic;
				INFOPLIST_FILE = Phase1Playground/Info.plist;
				LD_RUNPATH_SEARCH_PATHS = (
					"$(inherited)",
					"@executable_path/Frameworks",
				);
				PRODUCT_BUNDLE_IDENTIFIER = "Erik-sCoolProjects.Phase1Playground";
				PRODUCT_NAME = "$(TARGET_NAME)";
				SWIFT_VERSION = 5.0;
				TARGETED_DEVICE_FAMILY = "1,2";
			};
			name = Release;
		};
/* End XCBuildConfiguration section */

/* Begin XCConfigurationList section */
		13715197243416930079707D /* Build configuration list for PBXProject "Phase1Playground" */ = {
			isa = XCConfigurationList;
			buildConfigurations = (
				137151AE243416970079707D /* Debug */,
				137151AF243416970079707D /* Release */,
			);
			defaultConfigurationIsVisible = 0;
			defaultConfigurationName = Release;
		};
		137151B0243416970079707D /* Build configuration list for PBXNativeTarget "Phase1Playground" */ = {
			isa = XCConfigurationList;
			buildConfigurations = (
				137151B1243416970079707D /* Debug */,
				137151B2243416970079707D /* Release */,
			);
			defaultConfigurationIsVisible = 0;
			defaultConfigurationName = Release;
		};
/* End XCConfigurationList section */
	};
	rootObject = 13715194243416930079707D /* Project object */;
}
